
Microsoft Visual Studio Solution File, Format Version 12.00
# Visual Studio Version 17
VisualStudioVersion = 17.2.32630.192
MinimumVisualStudioVersion = 10.0.40219.1
Project("{FAE04EC0-301F-11D3-BF4B-00C04F79EFBC}") = "Arthes.DATA", "Arthes.DATA\Arthes.DATA.csproj", "{6721B952-2285-4739-9EAB-1C6B7EC3DF94}"
EndProject
Project("{FAE04EC0-301F-11D3-BF4B-00C04F79EFBC}") = "Arthes.WEB", "Arthes.WEB\Arthes.WEB.csproj", "{C631D786-1783-4638-9615-CF7FACC44220}"
EndProject
Global
	GlobalSection(SolutionConfigurationPlatforms) = preSolution
		Debug|Any CPU = Debug|Any CPU
		Release|Any CPU = Release|Any CPU
	EndGlobalSection
	GlobalSection(ProjectConfigurationPlatforms) = postSolution
		{6721B952-2285-4739-9EAB-1C6B7EC3DF94}.Debug|Any CPU.ActiveCfg = Debug|Any CPU
		{6721B952-2285-4739-9EAB-1C6B7EC3DF94}.Debug|Any CPU.Build.0 = Debug|Any CPU
		{6721B952-2285-4739-9EAB-1C6B7EC3DF94}.Release|Any CPU.ActiveCfg = Release|Any CPU
		{6721B952-2285-4739-9EAB-1C6B7EC3DF94}.Release|Any CPU.Build.0 = Release|Any CPU
		{C631D786-1783-4638-9615-CF7FACC44220}.Debug|Any CPU.ActiveCfg = Debug|Any CPU
		{C631D786-1783-4638-9615-CF7FACC44220}.Debug|Any CPU.Build.0 = Debug|Any CPU
		{C631D786-1783-4638-9615-CF7FACC44220}.Release|Any CPU.ActiveCfg = Release|Any CPU
		{C631D786-1783-4638-9615-CF7FACC44220}.Release|Any CPU.Build.0 = Release|Any CPU
	EndGlobalSection
	GlobalSection(SolutionProperties) = preSolution
		HideSolutionNode = FALSE
	EndGlobalSection
	GlobalSection(ExtensibilityGlobals) = postSolution
		SolutionGuid = {7E53CF32-3B38-47BC-B8EA-A81067A00905}
	EndGlobalSection
EndGlobal
